<?xml version="1.0" encoding="utf-8"?>
<Project ToolsVersion="4.0" xmlns="http://schemas.microsoft.com/developer/msbuild/2003">
  <ItemGroup>
    <ClCompile Include="dbd.cpp" />
    <ClCompile Include="utils\utils.cpp" />
    <ClCompile Include="ue4\core_object\object\object.cpp" />
    <ClCompile Include="ue4\sdk.cpp" />
    <ClCompile Include="ue4\core_object\name\name.cpp" />
    <ClCompile Include="hooks\hooks.cpp" />
    <ClCompile Include="ue4\engine\canvas\canvas.cpp" />
    <ClCompile Include="ue4\game_framework\actor\actor.cpp" />
    <ClCompile Include="ue4\components\skeletal_mesh_component\skeletal_mesh_component.cpp" />
    <ClCompile Include="hooks\post_render\post_render.cpp" />
    <ClCompile Include="ue4\game_framework\player_controller\player_controller.cpp" />
    <ClCompile Include="render\render.cpp" />
    <ClCompile Include="utils\libraries\minhook\src\hde\hde32.c" />
    <ClCompile Include="utils\libraries\minhook\src\hde\hde64.c" />
    <ClCompile Include="utils\libraries\minhook\src\buffer.c" />
    <ClCompile Include="utils\libraries\minhook\src\hook.c" />
    <ClCompile Include="utils\libraries\minhook\src\trampoline.c" />
    <ClCompile Include="features\esp\esp.cpp" />
    <ClCompile Include="dbd\dbd_player_state\dbd_player_state.cpp" />
    <ClCompile Include="dbd\dbd_player\dbd_player.cpp" />
    <ClCompile Include="dbd\bones\bones.cpp" />
    <ClCompile Include="dbd\generator\generator.cpp" />
    <ClCompile Include="dbd\escape_door\escape_door.cpp" />
    <ClCompile Include="dbd\window\window.cpp" />
    <ClCompile Include="dbd\totem\totem.cpp" />
    <ClCompile Include="ue4\game_framework\pawn\pawn.cpp" />
    <ClCompile Include="features\features.cpp" />
    <ClCompile Include="dbd\skillcheck\skillcheck.cpp" />
    <ClCompile Include="features\misc\misc.cpp" />
    <ClCompile Include="ue4\game_framework\player_camera_manager\player_camera_manager.cpp" />
    <ClCompile Include="menu\d3d11\d3d11.cpp" />
    <ClCompile Include="menu\menu.cpp" />
    <ClCompile Include="utils\libraries\imgui\imgui.cpp" />
    <ClCompile Include="utils\libraries\imgui\imgui_draw.cpp" />
    <ClCompile Include="utils\libraries\imgui\imgui_impl_dx11.cpp" />
    <ClCompile Include="utils\libraries\imgui\imgui_impl_win32.cpp" />
    <ClCompile Include="utils\libraries\imgui\imgui_widgets.cpp" />
    <ClCompile Include="features\misc\watermark.cpp" />
    <ClCompile Include="dbd\gameplay_statics\gameplay_statics.cpp" />
  </ItemGroup>
  <ItemGroup>
    <ClInclude Include="includes.h" />
    <ClInclude Include="utils\utils.h" />
    <ClInclude Include="utils\libraries\lazy_importer.h" />
    <ClInclude Include="utils\libraries\xor.h" />
    <ClInclude Include="utils\libraries\min_hook\hde\hde32.h" />
    <ClInclude Include="utils\libraries\min_hook\hde\hde64.h" />
    <ClInclude Include="utils\libraries\min_hook\hde\pstdint.h" />
    <ClInclude Include="utils\libraries\min_hook\hde\table32.h" />
    <ClInclude Include="utils\libraries\min_hook\hde\table64.h" />
    <ClInclude Include="utils\libraries\min_hook\buffer.h" />
    <ClInclude Include="utils\libraries\min_hook\trampoline.h" />
    <ClInclude Include="ue4\game_framework\actor\actor.h" />
    <ClInclude Include="ue4\core_object\object\object.h" />
    <ClInclude Include="ue4\core_object\class\class.h" />
    <ClInclude Include="ue4\core_object\struct\struct.h" />
    <ClInclude Include="ue4\core_object\field\field.h" />
    <ClInclude Include="ue4\core_object\name\name.h" />
    <ClInclude Include="ue4\sdk.h" />
    <ClInclude Include="ue4\engine\world\world.h" />
    <ClInclude Include="hooks\hooks.h" />
    <ClInclude Include="ue4\engine\canvas\canvas.h" />
    <ClInclude Include="ue4\math\vector.h" />
    <ClInclude Include="ue4\math\vector_2d.h" />
    <ClInclude Include="ue4\math\rotator.h" />
    <ClInclude Include="ue4\math\color.h" />
    <ClInclude Include="ue4\containers\array.h" />
    <ClInclude Include="ue4\containers\string.h" />
    <ClInclude Include="ue4\engine\game_instance\game_instance.h" />
    <ClInclude Include="ue4\engine\player\player.h" />
    <ClInclude Include="ue4\containers\enum_as_byte.h" />
    <ClInclude Include="ue4\game_framework\player_controller\player_controller.h" />
    <ClInclude Include="ue4\game_framework\controller\controller.h" />
    <ClInclude Include="ue4\game_framework\player_state\player_state.h" />
    <ClInclude Include="ue4\game_framework\pawn\pawn.h" />
    <ClInclude Include="ue4\components\skeletal_mesh_component\skeletal_mesh_component.h" />
    <ClInclude Include="ue4\math\matrix.h" />
    <ClInclude Include="ue4\components\scene_component\scene_component.h" />
    <ClInclude Include="ue4\engine\level\level.h" />
    <ClInclude Include="ue4\game_framework\game_state_base\game_state_base.h" />
    <ClInclude Include="render\render.h" />
    <ClInclude Include="utils\libraries\minhook\include\MinHook.h" />
    <ClInclude Include="utils\libraries\minhook\src\hde\hde32.h" />
    <ClInclude Include="utils\libraries\minhook\src\hde\hde64.h" />
    <ClInclude Include="utils\libraries\minhook\src\hde\pstdint.h" />
    <ClInclude Include="utils\libraries\minhook\src\hde\table32.h" />
    <ClInclude Include="utils\libraries\minhook\src\hde\table64.h" />
    <ClInclude Include="utils\libraries\minhook\src\buffer.h" />
    <ClInclude Include="utils\libraries\minhook\src\trampoline.h" />
    <ClInclude Include="features\features.h" />
    <ClInclude Include="dbd\dbd_player_state\dbd_player_state.h" />
    <ClInclude Include="dbd\dbd_player\dbd_player.h" />
    <ClInclude Include="dbd\bones\bones.h" />
    <ClInclude Include="utils\libraries\fnv.h" />
    <ClInclude Include="dbd\generator\generator.h" />
    <ClInclude Include="dbd\searchable\searchable.h" />
    <ClInclude Include="dbd\escape_door\escape_door.h" />
    <ClInclude Include="dbd\hatch\hatch.h" />
    <ClInclude Include="dbd\locker\locker.h" />
    <ClInclude Include="dbd\pallet\pallet.h" />
    <ClInclude Include="dbd\window\window.h" />
    <ClInclude Include="dbd\totem\totem.h" />
    <ClInclude Include="dbd\player_interaction\player_interaction.h" />
    <ClInclude Include="dbd\skillcheck\skillcheck.h" />
    <ClInclude Include="ue4\game_framework\player_camera_manager\player_camera_manager.h" />
    <ClInclude Include="menu\d3d11\d3d11.h" />
    <ClInclude Include="menu\menu.h" />
    <ClInclude Include="menu\variables.h" />
    <ClInclude Include="utils\libraries\imgui\imconfig.h" />
    <ClInclude Include="utils\libraries\imgui\imgui.h" />
    <ClInclude Include="utils\libraries\imgui\imgui_impl_dx11.h" />
    <ClInclude Include="utils\libraries\imgui\imgui_impl_win32.h" />
    <ClInclude Include="utils\libraries\imgui\imgui_internal.h" />
    <ClInclude Include="utils\libraries\imgui\imstb_rectpack.h" />
    <ClInclude Include="utils\libraries\imgui\imstb_textedit.h" />
    <ClInclude Include="utils\libraries\imgui\imstb_truetype.h" />
    <ClInclude Include="utils\libraries\imgui\shaders.h" />
    <ClInclude Include="dbd\gameplay_statics\gameplay_statics.h" />
  </ItemGroup>
</Project>